
Microsoft Visual Studio Solution File, Format Version 12.00
# Visual Studio Version 17
VisualStudioVersion = 17.14.36930.0 d17.14
MinimumVisualStudioVersion = 10.0.40219.1
Project("{FAE04EC0-301F-11D3-BF4B-00C04F79EFBC}") = "Coding Tracker - C# Academy", "Coding Tracker - C# Academy\Coding Tracker - C# Academy.csproj", "{8299285D-62A7-45D4-B1BC-20DF4A7BBB20}"
EndProject
Global
	GlobalSection(SolutionConfigurationPlatforms) = preSolution
		Debug|Any CPU = Debug|Any CPU
		Release|Any CPU = Release|Any CPU
	EndGlobalSection
	GlobalSection(ProjectConfigurationPlatforms) = postSolution
		{8299285D-62A7-45D4-B1BC-20DF4A7BBB20}.Debug|Any CPU.ActiveCfg = Debug|Any CPU
		{8299285D-62A7-45D4-B1BC-20DF4A7BBB20}.Debug|Any CPU.Build.0 = Debug|Any CPU
		{8299285D-62A7-45D4-B1BC-20DF4A7BBB20}.Release|Any CPU.ActiveCfg = Release|Any CPU
		{8299285D-62A7-45D4-B1BC-20DF4A7BBB20}.Release|Any CPU.Build.0 = Release|Any CPU
	EndGlobalSection
	GlobalSection(SolutionProperties) = preSolution
		HideSolutionNode = FALSE
	EndGlobalSection
	GlobalSection(ExtensibilityGlobals) = postSolution
		SolutionGuid = {6742B0DC-5793-4267-97C0-F6302CB6C2C8}
	EndGlobalSection
EndGlobal
